<?xml version="1.0" encoding="utf-8"?>
<Project ToolsVersion="4.0" xmlns="http://schemas.microsoft.com/developer/msbuild/2003">
  <ItemGroup>
    <Filter Include="Source Files">
      <UniqueIdentifier>{4FC737F1-C7A5-4376-A066-2A32D752A2FF}</UniqueIdentifier>
      <Extensions>cpp;c;cc;cxx;def;odl;idl;hpj;bat;asm;asmx</Extensions>
    </Filter>
    <Filter Include="Header Files">
      <UniqueIdentifier>{93995380-89BD-4b04-88EB-625FBE52EBFB}</UniqueIdentifier>
      <Extensions>h;hpp;hxx;hm;inl;inc;xsd</Extensions>
    </Filter>
    <Filter Include="Resource Files">
      <UniqueIdentifier>{67DA6AB6-F800-4c08-8B7A-83BB121AAD01}</UniqueIdentifier>
      <Extensions>rc;ico;cur;bmp;dlg;rc2;rct;bin;rgs;gif;jpg;jpeg;jpe;resx;tiff;tif;png;wav;mfcribbon-ms</Extensions>
    </Filter>
  </ItemGroup>
  <ItemGroup>
    <ClCompile Include="tcax.c">
      <Filter>Source Files</Filter>
    </ClCompile>
    <ClCompile Include="tcax_cmd.c">
      <Filter>Source Files</Filter>
    </ClCompile>
    <ClCompile Include="tcaxPy\py.c">
      <Filter>Source Files</Filter>
    </ClCompile>
    <ClCompile Include="libtm\tm.c">
      <Filter>Source Files</Filter>
    </ClCompile>
    <ClCompile Include="libtcc\map.c">
      <Filter>Source Files</Filter>
    </ClCompile>
    <ClCompile Include="libtcc\string.c">
      <Filter>Source Files</Filter>
    </ClCompile>
    <ClCompile Include="libtcc\tcc.c">
      <Filter>Source Files</Filter>
    </ClCompile>
    <ClCompile Include="libsyl\syl.c">
      <Filter>Source Files</Filter>
    </ClCompile>
    <ClCompile Include="libmap\strmap.c">
      <Filter>Source Files</Filter>
    </ClCompile>
    <ClCompile Include="libmap\tccmap.c">
      <Filter>Source Files</Filter>
    </ClCompile>
    <ClCompile Include="..\..\libtcas\tcas\hla_z_comp.c">
      <Filter>Source Files</Filter>
    </ClCompile>
    <ClCompile Include="..\..\libtcas\tcas\rb.c">
      <Filter>Source Files</Filter>
    </ClCompile>
    <ClCompile Include="..\..\libtcas\tcas\tcas.c">
      <Filter>Source Files</Filter>
    </ClCompile>
    <ClCompile Include="..\..\libtcas\tcas\vector.c">
      <Filter>Source Files</Filter>
    </ClCompile>
  </ItemGroup>
  <ItemGroup>
    <ClInclude Include="tcax.h">
      <Filter>Header Files</Filter>
    </ClInclude>
    <ClInclude Include="libsyl\syl.h">
      <Filter>Header Files</Filter>
    </ClInclude>
    <ClInclude Include="libtcc\map.h">
      <Filter>Header Files</Filter>
    </ClInclude>
    <ClInclude Include="libtcc\string.h">
      <Filter>Header Files</Filter>
    </ClInclude>
    <ClInclude Include="libtcc\tcc.h">
      <Filter>Header Files</Filter>
    </ClInclude>
    <ClInclude Include="libtm\tm.h">
      <Filter>Header Files</Filter>
    </ClInclude>
    <ClInclude Include="tcaxPy\py.h">
      <Filter>Header Files</Filter>
    </ClInclude>
    <ClInclude Include="libmap\strmap.h">
      <Filter>Header Files</Filter>
    </ClInclude>
    <ClInclude Include="libmap\tccmap.h">
      <Filter>Header Files</Filter>
    </ClInclude>
    <ClInclude Include="resource.h">
      <Filter>Header Files</Filter>
    </ClInclude>
    <ClInclude Include="..\..\libtcas\tcas\hla_z_comp.h">
      <Filter>Header Files</Filter>
    </ClInclude>
    <ClInclude Include="..\..\libtcas\tcas\tcas.h">
      <Filter>Header Files</Filter>
    </ClInclude>
    <ClInclude Include="..\..\libtcas\tcas\vector.h">
      <Filter>Header Files</Filter>
    </ClInclude>
    <ClInclude Include="..\..\libtcas\tcas\rb.h">
      <Filter>Header Files</Filter>
    </ClInclude>
  </ItemGroup>
  <ItemGroup>
    <ResourceCompile Include="tcax.rc">
      <Filter>Resource Files</Filter>
    </ResourceCompile>
  </ItemGroup>
  <ItemGroup>
    <None Include="icons\TCAX.ico">
      <Filter>Resource Files</Filter>
    </None>
  </ItemGroup>
</Project>