
Microsoft Visual Studio Solution File, Format Version 11.00
# Visual Studio 2010
Project("{8BC9CEB8-8B4A-11D0-8D11-00A0C91BC942}") = "tcVideo", "tcVideo.vcxproj", "{E473F402-CE79-4D5F-A9A1-97BD12AD38AE}"
EndProject
Global
	GlobalSection(SolutionConfigurationPlatforms) = preSolution
		Debug|Win32 = Debug|Win32
		Release|Win32 = Release|Win32
	EndGlobalSection
	GlobalSection(ProjectConfigurationPlatforms) = postSolution
		{E473F402-CE79-4D5F-A9A1-97BD12AD38AE}.Debug|Win32.ActiveCfg = Debug|Win32
		{E473F402-CE79-4D5F-A9A1-97BD12AD38AE}.Debug|Win32.Build.0 = Debug|Win32
		{E473F402-CE79-4D5F-A9A1-97BD12AD38AE}.Release|Win32.ActiveCfg = Release|Win32
		{E473F402-CE79-4D5F-A9A1-97BD12AD38AE}.Release|Win32.Build.0 = Release|Win32
	EndGlobalSection
	GlobalSection(SolutionProperties) = preSolution
		HideSolutionNode = FALSE
	EndGlobalSection
EndGlobal
