
Microsoft Visual Studio Solution File, Format Version 11.00
# Visual Studio 2010
Project("{8BC9CEB8-8B4A-11D0-8D11-00A0C91BC942}") = "threadpool", "threadpool.vcxproj", "{5B7A8C7F-49C4-4919-A28A-C048CDB2E40F}"
EndProject
Global
	GlobalSection(SolutionConfigurationPlatforms) = preSolution
		Debug|Win32 = Debug|Win32
		Release|Win32 = Release|Win32
	EndGlobalSection
	GlobalSection(ProjectConfigurationPlatforms) = postSolution
		{5B7A8C7F-49C4-4919-A28A-C048CDB2E40F}.Debug|Win32.ActiveCfg = Debug|Win32
		{5B7A8C7F-49C4-4919-A28A-C048CDB2E40F}.Debug|Win32.Build.0 = Debug|Win32
		{5B7A8C7F-49C4-4919-A28A-C048CDB2E40F}.Release|Win32.ActiveCfg = Release|Win32
		{5B7A8C7F-49C4-4919-A28A-C048CDB2E40F}.Release|Win32.Build.0 = Release|Win32
	EndGlobalSection
	GlobalSection(SolutionProperties) = preSolution
		HideSolutionNode = FALSE
	EndGlobalSection
EndGlobal
